{
  "version": 4,
  "terraform_version": "0.12.6",
  "serial": 3,
  "lineage": "275a8afc-6cc9-4087-4f7b-ae6a9e8307d1",
  "outputs": {},
  "resources": [
    {
      "module": "module.state",
      "mode": "managed",
      "type": "aws_kms_key",
      "name": "tfstate_encryption_key",
      "provider": "provider.aws",
      "instances": [
        {
          "schema_version": 0,
          "attributes": {
            "arn": "arn:aws:kms:us-east-2:157720553339:key/66fcfe5e-d347-449d-bdd7-fd41b0f829eb",
            "deletion_window_in_days": 10,
            "description": "This key is used to encrypt terraform state",
            "enable_key_rotation": false,
            "id": "66fcfe5e-d347-449d-bdd7-fd41b0f829eb",
            "is_enabled": true,
            "key_id": "66fcfe5e-d347-449d-bdd7-fd41b0f829eb",
            "key_usage": "ENCRYPT_DECRYPT",
            "policy": "{\"Id\":\"key-default-1\",\"Statement\":[{\"Action\":\"kms:*\",\"Effect\":\"Allow\",\"Principal\":{\"AWS\":\"arn:aws:iam::157720553339:root\"},\"Resource\":\"*\",\"Sid\":\"Enable IAM User Permissions\"}],\"Version\":\"2012-10-17\"}",
            "tags": {
              "Name": "tfstate_encryption_key",
              "env": "dev"
            }
          },
          "private": "bnVsbA=="
        }
      ]
    },
    {
      "module": "module.state",
      "mode": "managed",
      "type": "aws_s3_bucket",
      "name": "tfstate_remote_store",
      "provider": "provider.aws",
      "instances": [
        {
          "schema_version": 0,
          "attributes": {
            "acceleration_status": "",
            "acl": "private",
            "arn": "arn:aws:s3:::dev-site-uploader-state-file",
            "bucket": "dev-site-uploader-state-file",
            "bucket_domain_name": "dev-site-uploader-state-file.s3.amazonaws.com",
            "bucket_prefix": null,
            "bucket_regional_domain_name": "dev-site-uploader-state-file.s3.us-east-2.amazonaws.com",
            "cors_rule": [],
            "force_destroy": false,
            "hosted_zone_id": "Z2O1EMRO9K5GLX",
            "id": "dev-site-uploader-state-file",
            "lifecycle_rule": [],
            "logging": [],
            "object_lock_configuration": [],
            "policy": null,
            "region": "us-east-2",
            "replication_configuration": [],
            "request_payer": "BucketOwner",
            "server_side_encryption_configuration": [
              {
                "rule": [
                  {
                    "apply_server_side_encryption_by_default": [
                      {
                        "kms_master_key_id": "arn:aws:kms:us-east-2:157720553339:key/66fcfe5e-d347-449d-bdd7-fd41b0f829eb",
                        "sse_algorithm": "aws:kms"
                      }
                    ]
                  }
                ]
              }
            ],
            "tags": null,
            "versioning": [
              {
                "enabled": true,
                "mfa_delete": false
              }
            ],
            "website": [],
            "website_domain": null,
            "website_endpoint": null
          },
          "private": "bnVsbA==",
          "depends_on": [
            "aws_kms_key.tfstate_encryption_key"
          ]
        }
      ]
    }
  ]
}
